
Microsoft Visual Studio Solution File, Format Version 12.00
# Visual Studio Version 17
VisualStudioVersion = 17.13.35931.197
MinimumVisualStudioVersion = 10.0.40219.1
Project("{FAE04EC0-301F-11D3-BF4B-00C04F79EFBC}") = "OrderMangement.Api", "OrderMangement.Api\OrderMangement.Api.csproj", "{39F16FE6-5684-41FC-9B58-591B73C0D28C}"
EndProject
Project("{FAE04EC0-301F-11D3-BF4B-00C04F79EFBC}") = "Service", "Core\Service\Service.csproj", "{0827B0A3-4078-4D25-8612-A955E6970B1B}"
EndProject
Project("{FAE04EC0-301F-11D3-BF4B-00C04F79EFBC}") = "ServiceAbstraction", "Core\ServiceAbstraction\ServiceAbstraction.csproj", "{8C0AB034-C31D-42EE-B00A-6C8E5020D1F0}"
EndProject
Project("{FAE04EC0-301F-11D3-BF4B-00C04F79EFBC}") = "Presentation", "Infrastructure\Presentation\Presentation.csproj", "{EFBD611C-AFB5-479E-8521-C65E08459C4C}"
EndProject
Project("{FAE04EC0-301F-11D3-BF4B-00C04F79EFBC}") = "Persistence", "Infrastructure\Persistence\Persistence.csproj", "{032D1303-B9A1-42CA-95E1-1DAD0B5E4443}"
EndProject
Project("{FAE04EC0-301F-11D3-BF4B-00C04F79EFBC}") = "Shared", "Shared\Shared.csproj", "{42D8174E-753A-4CAE-A821-6AF9D7E06C20}"
EndProject
Project("{2150E333-8FDC-42A3-9474-1A3956D46DE8}") = "Core", "Core", "{FBF56CC3-7AE6-AD2D-3F14-7F97FD322CD6}"
EndProject
Project("{2150E333-8FDC-42A3-9474-1A3956D46DE8}") = "Infrastructure", "Infrastructure", "{DFEE68D8-A7D0-1A41-506C-9B74AA9A7B7B}"
EndProject
Project("{FAE04EC0-301F-11D3-BF4B-00C04F79EFBC}") = "DomainLayer", "Core\DomainLayer\DomainLayer.csproj", "{BB05B3C7-74B8-4725-BD73-9EC77DCA522D}"
EndProject
Global
	GlobalSection(SolutionConfigurationPlatforms) = preSolution
		Debug|Any CPU = Debug|Any CPU
		Debug|x64 = Debug|x64
		Debug|x86 = Debug|x86
		Release|Any CPU = Release|Any CPU
		Release|x64 = Release|x64
		Release|x86 = Release|x86
	EndGlobalSection
	GlobalSection(ProjectConfigurationPlatforms) = postSolution
		{39F16FE6-5684-41FC-9B58-591B73C0D28C}.Debug|Any CPU.ActiveCfg = Debug|Any CPU
		{39F16FE6-5684-41FC-9B58-591B73C0D28C}.Debug|Any CPU.Build.0 = Debug|Any CPU
		{39F16FE6-5684-41FC-9B58-591B73C0D28C}.Debug|x64.ActiveCfg = Debug|Any CPU
		{39F16FE6-5684-41FC-9B58-591B73C0D28C}.Debug|x64.Build.0 = Debug|Any CPU
		{39F16FE6-5684-41FC-9B58-591B73C0D28C}.Debug|x86.ActiveCfg = Debug|Any CPU
		{39F16FE6-5684-41FC-9B58-591B73C0D28C}.Debug|x86.Build.0 = Debug|Any CPU
		{39F16FE6-5684-41FC-9B58-591B73C0D28C}.Release|Any CPU.ActiveCfg = Release|Any CPU
		{39F16FE6-5684-41FC-9B58-591B73C0D28C}.Release|Any CPU.Build.0 = Release|Any CPU
		{39F16FE6-5684-41FC-9B58-591B73C0D28C}.Release|x64.ActiveCfg = Release|Any CPU
		{39F16FE6-5684-41FC-9B58-591B73C0D28C}.Release|x64.Build.0 = Release|Any CPU
		{39F16FE6-5684-41FC-9B58-591B73C0D28C}.Release|x86.ActiveCfg = Release|Any CPU
		{39F16FE6-5684-41FC-9B58-591B73C0D28C}.Release|x86.Build.0 = Release|Any CPU
		{0827B0A3-4078-4D25-8612-A955E6970B1B}.Debug|Any CPU.ActiveCfg = Debug|Any CPU
		{0827B0A3-4078-4D25-8612-A955E6970B1B}.Debug|Any CPU.Build.0 = Debug|Any CPU
		{0827B0A3-4078-4D25-8612-A955E6970B1B}.Debug|x64.ActiveCfg = Debug|Any CPU
		{0827B0A3-4078-4D25-8612-A955E6970B1B}.Debug|x64.Build.0 = Debug|Any CPU
		{0827B0A3-4078-4D25-8612-A955E6970B1B}.Debug|x86.ActiveCfg = Debug|Any CPU
		{0827B0A3-4078-4D25-8612-A955E6970B1B}.Debug|x86.Build.0 = Debug|Any CPU
		{0827B0A3-4078-4D25-8612-A955E6970B1B}.Release|Any CPU.ActiveCfg = Release|Any CPU
		{0827B0A3-4078-4D25-8612-A955E6970B1B}.Release|Any CPU.Build.0 = Release|Any CPU
		{0827B0A3-4078-4D25-8612-A955E6970B1B}.Release|x64.ActiveCfg = Release|Any CPU
		{0827B0A3-4078-4D25-8612-A955E6970B1B}.Release|x64.Build.0 = Release|Any CPU
		{0827B0A3-4078-4D25-8612-A955E6970B1B}.Release|x86.ActiveCfg = Release|Any CPU
		{0827B0A3-4078-4D25-8612-A955E6970B1B}.Release|x86.Build.0 = Release|Any CPU
		{8C0AB034-C31D-42EE-B00A-6C8E5020D1F0}.Debug|Any CPU.ActiveCfg = Debug|Any CPU
		{8C0AB034-C31D-42EE-B00A-6C8E5020D1F0}.Debug|Any CPU.Build.0 = Debug|Any CPU
		{8C0AB034-C31D-42EE-B00A-6C8E5020D1F0}.Debug|x64.ActiveCfg = Debug|Any CPU
		{8C0AB034-C31D-42EE-B00A-6C8E5020D1F0}.Debug|x64.Build.0 = Debug|Any CPU
		{8C0AB034-C31D-42EE-B00A-6C8E5020D1F0}.Debug|x86.ActiveCfg = Debug|Any CPU
		{8C0AB034-C31D-42EE-B00A-6C8E5020D1F0}.Debug|x86.Build.0 = Debug|Any CPU
		{8C0AB034-C31D-42EE-B00A-6C8E5020D1F0}.Release|Any CPU.ActiveCfg = Release|Any CPU
		{8C0AB034-C31D-42EE-B00A-6C8E5020D1F0}.Release|Any CPU.Build.0 = Release|Any CPU
		{8C0AB034-C31D-42EE-B00A-6C8E5020D1F0}.Release|x64.ActiveCfg = Release|Any CPU
		{8C0AB034-C31D-42EE-B00A-6C8E5020D1F0}.Release|x64.Build.0 = Release|Any CPU
		{8C0AB034-C31D-42EE-B00A-6C8E5020D1F0}.Release|x86.ActiveCfg = Release|Any CPU
		{8C0AB034-C31D-42EE-B00A-6C8E5020D1F0}.Release|x86.Build.0 = Release|Any CPU
		{EFBD611C-AFB5-479E-8521-C65E08459C4C}.Debug|Any CPU.ActiveCfg = Debug|Any CPU
		{EFBD611C-AFB5-479E-8521-C65E08459C4C}.Debug|Any CPU.Build.0 = Debug|Any CPU
		{EFBD611C-AFB5-479E-8521-C65E08459C4C}.Debug|x64.ActiveCfg = Debug|Any CPU
		{EFBD611C-AFB5-479E-8521-C65E08459C4C}.Debug|x64.Build.0 = Debug|Any CPU
		{EFBD611C-AFB5-479E-8521-C65E08459C4C}.Debug|x86.ActiveCfg = Debug|Any CPU
		{EFBD611C-AFB5-479E-8521-C65E08459C4C}.Debug|x86.Build.0 = Debug|Any CPU
		{EFBD611C-AFB5-479E-8521-C65E08459C4C}.Release|Any CPU.ActiveCfg = Release|Any CPU
		{EFBD611C-AFB5-479E-8521-C65E08459C4C}.Release|Any CPU.Build.0 = Release|Any CPU
		{EFBD611C-AFB5-479E-8521-C65E08459C4C}.Release|x64.ActiveCfg = Release|Any CPU
		{EFBD611C-AFB5-479E-8521-C65E08459C4C}.Release|x64.Build.0 = Release|Any CPU
		{EFBD611C-AFB5-479E-8521-C65E08459C4C}.Release|x86.ActiveCfg = Release|Any CPU
		{EFBD611C-AFB5-479E-8521-C65E08459C4C}.Release|x86.Build.0 = Release|Any CPU
		{032D1303-B9A1-42CA-95E1-1DAD0B5E4443}.Debug|Any CPU.ActiveCfg = Debug|Any CPU
		{032D1303-B9A1-42CA-95E1-1DAD0B5E4443}.Debug|Any CPU.Build.0 = Debug|Any CPU
		{032D1303-B9A1-42CA-95E1-1DAD0B5E4443}.Debug|x64.ActiveCfg = Debug|Any CPU
		{032D1303-B9A1-42CA-95E1-1DAD0B5E4443}.Debug|x64.Build.0 = Debug|Any CPU
		{032D1303-B9A1-42CA-95E1-1DAD0B5E4443}.Debug|x86.ActiveCfg = Debug|Any CPU
		{032D1303-B9A1-42CA-95E1-1DAD0B5E4443}.Debug|x86.Build.0 = Debug|Any CPU
		{032D1303-B9A1-42CA-95E1-1DAD0B5E4443}.Release|Any CPU.ActiveCfg = Release|Any CPU
		{032D1303-B9A1-42CA-95E1-1DAD0B5E4443}.Release|Any CPU.Build.0 = Release|Any CPU
		{032D1303-B9A1-42CA-95E1-1DAD0B5E4443}.Release|x64.ActiveCfg = Release|Any CPU
		{032D1303-B9A1-42CA-95E1-1DAD0B5E4443}.Release|x64.Build.0 = Release|Any CPU
		{032D1303-B9A1-42CA-95E1-1DAD0B5E4443}.Release|x86.ActiveCfg = Release|Any CPU
		{032D1303-B9A1-42CA-95E1-1DAD0B5E4443}.Release|x86.Build.0 = Release|Any CPU
		{42D8174E-753A-4CAE-A821-6AF9D7E06C20}.Debug|Any CPU.ActiveCfg = Debug|Any CPU
		{42D8174E-753A-4CAE-A821-6AF9D7E06C20}.Debug|Any CPU.Build.0 = Debug|Any CPU
		{42D8174E-753A-4CAE-A821-6AF9D7E06C20}.Debug|x64.ActiveCfg = Debug|Any CPU
		{42D8174E-753A-4CAE-A821-6AF9D7E06C20}.Debug|x64.Build.0 = Debug|Any CPU
		{42D8174E-753A-4CAE-A821-6AF9D7E06C20}.Debug|x86.ActiveCfg = Debug|Any CPU
		{42D8174E-753A-4CAE-A821-6AF9D7E06C20}.Debug|x86.Build.0 = Debug|Any CPU
		{42D8174E-753A-4CAE-A821-6AF9D7E06C20}.Release|Any CPU.ActiveCfg = Release|Any CPU
		{42D8174E-753A-4CAE-A821-6AF9D7E06C20}.Release|Any CPU.Build.0 = Release|Any CPU
		{42D8174E-753A-4CAE-A821-6AF9D7E06C20}.Release|x64.ActiveCfg = Release|Any CPU
		{42D8174E-753A-4CAE-A821-6AF9D7E06C20}.Release|x64.Build.0 = Release|Any CPU
		{42D8174E-753A-4CAE-A821-6AF9D7E06C20}.Release|x86.ActiveCfg = Release|Any CPU
		{42D8174E-753A-4CAE-A821-6AF9D7E06C20}.Release|x86.Build.0 = Release|Any CPU
		{BB05B3C7-74B8-4725-BD73-9EC77DCA522D}.Debug|Any CPU.ActiveCfg = Debug|Any CPU
		{BB05B3C7-74B8-4725-BD73-9EC77DCA522D}.Debug|Any CPU.Build.0 = Debug|Any CPU
		{BB05B3C7-74B8-4725-BD73-9EC77DCA522D}.Debug|x64.ActiveCfg = Debug|Any CPU
		{BB05B3C7-74B8-4725-BD73-9EC77DCA522D}.Debug|x64.Build.0 = Debug|Any CPU
		{BB05B3C7-74B8-4725-BD73-9EC77DCA522D}.Debug|x86.ActiveCfg = Debug|Any CPU
		{BB05B3C7-74B8-4725-BD73-9EC77DCA522D}.Debug|x86.Build.0 = Debug|Any CPU
		{BB05B3C7-74B8-4725-BD73-9EC77DCA522D}.Release|Any CPU.ActiveCfg = Release|Any CPU
		{BB05B3C7-74B8-4725-BD73-9EC77DCA522D}.Release|Any CPU.Build.0 = Release|Any CPU
		{BB05B3C7-74B8-4725-BD73-9EC77DCA522D}.Release|x64.ActiveCfg = Release|Any CPU
		{BB05B3C7-74B8-4725-BD73-9EC77DCA522D}.Release|x64.Build.0 = Release|Any CPU
		{BB05B3C7-74B8-4725-BD73-9EC77DCA522D}.Release|x86.ActiveCfg = Release|Any CPU
		{BB05B3C7-74B8-4725-BD73-9EC77DCA522D}.Release|x86.Build.0 = Release|Any CPU
	EndGlobalSection
	GlobalSection(SolutionProperties) = preSolution
		HideSolutionNode = FALSE
	EndGlobalSection
	GlobalSection(NestedProjects) = preSolution
		{BB05B3C7-74B8-4725-BD73-9EC77DCA522D} = {FBF56CC3-7AE6-AD2D-3F14-7F97FD322CD6}
		{0827B0A3-4078-4D25-8612-A955E6970B1B} = {FBF56CC3-7AE6-AD2D-3F14-7F97FD322CD6}
		{8C0AB034-C31D-42EE-B00A-6C8E5020D1F0} = {FBF56CC3-7AE6-AD2D-3F14-7F97FD322CD6}
		{EFBD611C-AFB5-479E-8521-C65E08459C4C} = {DFEE68D8-A7D0-1A41-506C-9B74AA9A7B7B}
		{032D1303-B9A1-42CA-95E1-1DAD0B5E4443} = {DFEE68D8-A7D0-1A41-506C-9B74AA9A7B7B}
	EndGlobalSection
	GlobalSection(ExtensibilityGlobals) = postSolution
		SolutionGuid = {011CF717-8EE0-4551-B0C9-9CC4E54B2278}
	EndGlobalSection
EndGlobal
